
Microsoft Visual Studio Solution File, Format Version 12.00
# Visual Studio Version 17
VisualStudioVersion = 17.8.34511.84
MinimumVisualStudioVersion = 10.0.40219.1
Project("{9A19103F-16F7-4668-BE54-9A1E7A4F7556}") = "UA.BlazorWasmStarter", "UA.BlazorWasmStarter\UA.BlazorWasmStarter.csproj", "{4ED29607-6EA4-4710-8B57-EB6C3E6AD5FF}"
EndProject
Project("{9A19103F-16F7-4668-BE54-9A1E7A4F7556}") = "UA.BlazorOpenAIStarter", "UA.BlazorOpenAIStarter\UA.BlazorOpenAIStarter.csproj", "{6894E36D-0696-4824-A581-480F74D4CD2E}"
EndProject
Project("{9A19103F-16F7-4668-BE54-9A1E7A4F7556}") = "UA.BlazorGiftSuggestionApp", "UA.BlazorGiftSuggestionApp\UA.BlazorGiftSuggestionApp.csproj", "{2F15DED0-07FF-45F8-B87A-3F37F3F3774F}"
EndProject
Global
	GlobalSection(SolutionConfigurationPlatforms) = preSolution
		Debug|Any CPU = Debug|Any CPU
		Release|Any CPU = Release|Any CPU
	EndGlobalSection
	GlobalSection(ProjectConfigurationPlatforms) = postSolution
		{4ED29607-6EA4-4710-8B57-EB6C3E6AD5FF}.Debug|Any CPU.ActiveCfg = Debug|Any CPU
		{4ED29607-6EA4-4710-8B57-EB6C3E6AD5FF}.Debug|Any CPU.Build.0 = Debug|Any CPU
		{4ED29607-6EA4-4710-8B57-EB6C3E6AD5FF}.Release|Any CPU.ActiveCfg = Release|Any CPU
		{4ED29607-6EA4-4710-8B57-EB6C3E6AD5FF}.Release|Any CPU.Build.0 = Release|Any CPU
		{6894E36D-0696-4824-A581-480F74D4CD2E}.Debug|Any CPU.ActiveCfg = Debug|Any CPU
		{6894E36D-0696-4824-A581-480F74D4CD2E}.Debug|Any CPU.Build.0 = Debug|Any CPU
		{6894E36D-0696-4824-A581-480F74D4CD2E}.Release|Any CPU.ActiveCfg = Release|Any CPU
		{6894E36D-0696-4824-A581-480F74D4CD2E}.Release|Any CPU.Build.0 = Release|Any CPU
		{2F15DED0-07FF-45F8-B87A-3F37F3F3774F}.Debug|Any CPU.ActiveCfg = Debug|Any CPU
		{2F15DED0-07FF-45F8-B87A-3F37F3F3774F}.Debug|Any CPU.Build.0 = Debug|Any CPU
		{2F15DED0-07FF-45F8-B87A-3F37F3F3774F}.Release|Any CPU.ActiveCfg = Release|Any CPU
		{2F15DED0-07FF-45F8-B87A-3F37F3F3774F}.Release|Any CPU.Build.0 = Release|Any CPU
	EndGlobalSection
	GlobalSection(SolutionProperties) = preSolution
		HideSolutionNode = FALSE
	EndGlobalSection
	GlobalSection(ExtensibilityGlobals) = postSolution
		SolutionGuid = {5AC10456-A105-4425-ACA2-5877C5AB3E5F}
	EndGlobalSection
EndGlobal
