
Microsoft Visual Studio Solution File, Format Version 12.00
# Visual Studio Version 17
VisualStudioVersion = 17.8.34511.84
MinimumVisualStudioVersion = 10.0.40219.1
Project("{9A19103F-16F7-4668-BE54-9A1E7A4F7556}") = "UA.BlazorWasmStarter", "UA.BlazorWasmStarter\UA.BlazorWasmStarter.csproj", "{4ED29607-6EA4-4710-8B57-EB6C3E6AD5FF}"
EndProject
Project("{9A19103F-16F7-4668-BE54-9A1E7A4F7556}") = "UA.BlazorOpenAIStarter", "UA.BlazorOpenAIStarter\UA.BlazorOpenAIStarter.csproj", "{6894E36D-0696-4824-A581-480F74D4CD2E}"
EndProject
Project("{9A19103F-16F7-4668-BE54-9A1E7A4F7556}") = "UA.BlazorGiftSuggestionApp", "UA.BlazorGiftSuggestionApp\UA.BlazorGiftSuggestionApp.csproj", "{2F15DED0-07FF-45F8-B87A-3F37F3F3774F}"
EndProject
Project("{2150E333-8FDC-42A3-9474-1A3956D46DE8}") = "VideoTransciberApp", "VideoTransciberApp", "{53C0C505-C073-428B-AECF-DDBB20E674C4}"
EndProject
Project("{9A19103F-16F7-4668-BE54-9A1E7A4F7556}") = "UA.VideoTransciberApp.ConsoleClient", "UA.VideoTransciberApp.ConsoleClient\UA.VideoTransciberApp.ConsoleClient.csproj", "{2AA26AC4-8385-4B22-994A-A1934BCE8348}"
EndProject
Project("{9A19103F-16F7-4668-BE54-9A1E7A4F7556}") = "VideoTransciberApp.BlazorUI", "VideoTransciberApp.BlazorUI\VideoTransciberApp.BlazorUI\VideoTransciberApp.BlazorUI.csproj", "{CCE4D1E1-E9D5-46EB-928E-ED1B60DDE3B6}"
EndProject
Project("{9A19103F-16F7-4668-BE54-9A1E7A4F7556}") = "VideoTransciberApp.BlazorUI.Client", "VideoTransciberApp.BlazorUI\VideoTransciberApp.BlazorUI.Client\VideoTransciberApp.BlazorUI.Client.csproj", "{61C86F1F-9038-42D7-9AA1-4CF3C37052C4}"
EndProject
Global
	GlobalSection(SolutionConfigurationPlatforms) = preSolution
		Debug|Any CPU = Debug|Any CPU
		Release|Any CPU = Release|Any CPU
	EndGlobalSection
	GlobalSection(ProjectConfigurationPlatforms) = postSolution
		{4ED29607-6EA4-4710-8B57-EB6C3E6AD5FF}.Debug|Any CPU.ActiveCfg = Debug|Any CPU
		{4ED29607-6EA4-4710-8B57-EB6C3E6AD5FF}.Debug|Any CPU.Build.0 = Debug|Any CPU
		{4ED29607-6EA4-4710-8B57-EB6C3E6AD5FF}.Release|Any CPU.ActiveCfg = Release|Any CPU
		{4ED29607-6EA4-4710-8B57-EB6C3E6AD5FF}.Release|Any CPU.Build.0 = Release|Any CPU
		{6894E36D-0696-4824-A581-480F74D4CD2E}.Debug|Any CPU.ActiveCfg = Debug|Any CPU
		{6894E36D-0696-4824-A581-480F74D4CD2E}.Debug|Any CPU.Build.0 = Debug|Any CPU
		{6894E36D-0696-4824-A581-480F74D4CD2E}.Release|Any CPU.ActiveCfg = Release|Any CPU
		{6894E36D-0696-4824-A581-480F74D4CD2E}.Release|Any CPU.Build.0 = Release|Any CPU
		{2F15DED0-07FF-45F8-B87A-3F37F3F3774F}.Debug|Any CPU.ActiveCfg = Debug|Any CPU
		{2F15DED0-07FF-45F8-B87A-3F37F3F3774F}.Debug|Any CPU.Build.0 = Debug|Any CPU
		{2F15DED0-07FF-45F8-B87A-3F37F3F3774F}.Release|Any CPU.ActiveCfg = Release|Any CPU
		{2F15DED0-07FF-45F8-B87A-3F37F3F3774F}.Release|Any CPU.Build.0 = Release|Any CPU
		{2AA26AC4-8385-4B22-994A-A1934BCE8348}.Debug|Any CPU.ActiveCfg = Debug|Any CPU
		{2AA26AC4-8385-4B22-994A-A1934BCE8348}.Debug|Any CPU.Build.0 = Debug|Any CPU
		{2AA26AC4-8385-4B22-994A-A1934BCE8348}.Release|Any CPU.ActiveCfg = Release|Any CPU
		{2AA26AC4-8385-4B22-994A-A1934BCE8348}.Release|Any CPU.Build.0 = Release|Any CPU
		{CCE4D1E1-E9D5-46EB-928E-ED1B60DDE3B6}.Debug|Any CPU.ActiveCfg = Debug|Any CPU
		{CCE4D1E1-E9D5-46EB-928E-ED1B60DDE3B6}.Debug|Any CPU.Build.0 = Debug|Any CPU
		{CCE4D1E1-E9D5-46EB-928E-ED1B60DDE3B6}.Release|Any CPU.ActiveCfg = Release|Any CPU
		{CCE4D1E1-E9D5-46EB-928E-ED1B60DDE3B6}.Release|Any CPU.Build.0 = Release|Any CPU
		{61C86F1F-9038-42D7-9AA1-4CF3C37052C4}.Debug|Any CPU.ActiveCfg = Debug|Any CPU
		{61C86F1F-9038-42D7-9AA1-4CF3C37052C4}.Debug|Any CPU.Build.0 = Debug|Any CPU
		{61C86F1F-9038-42D7-9AA1-4CF3C37052C4}.Release|Any CPU.ActiveCfg = Release|Any CPU
		{61C86F1F-9038-42D7-9AA1-4CF3C37052C4}.Release|Any CPU.Build.0 = Release|Any CPU
	EndGlobalSection
	GlobalSection(SolutionProperties) = preSolution
		HideSolutionNode = FALSE
	EndGlobalSection
	GlobalSection(NestedProjects) = preSolution
		{2AA26AC4-8385-4B22-994A-A1934BCE8348} = {53C0C505-C073-428B-AECF-DDBB20E674C4}
		{CCE4D1E1-E9D5-46EB-928E-ED1B60DDE3B6} = {53C0C505-C073-428B-AECF-DDBB20E674C4}
		{61C86F1F-9038-42D7-9AA1-4CF3C37052C4} = {53C0C505-C073-428B-AECF-DDBB20E674C4}
	EndGlobalSection
	GlobalSection(ExtensibilityGlobals) = postSolution
		SolutionGuid = {5AC10456-A105-4425-ACA2-5877C5AB3E5F}
	EndGlobalSection
EndGlobal
